<?xml version="1.0" encoding="utf-8"?>
<Project ToolsVersion="4.0" xmlns="http://schemas.microsoft.com/developer/msbuild/2003">
  <ItemGroup>
    <Filter Include="Source Files">
      <UniqueIdentifier>{4FC737F1-C7A5-4376-A066-2A32D752A2FF}</UniqueIdentifier>
      <Extensions>cpp;c;cc;cxx;c++;cppm;ixx;def;odl;idl;hpj;bat;asm;asmx</Extensions>
    </Filter>
    <Filter Include="Header Files">
      <UniqueIdentifier>{93995380-89BD-4b04-88EB-625FBE52EBFB}</UniqueIdentifier>
      <Extensions>h;hh;hpp;hxx;h++;hm;inl;inc;ipp;xsd</Extensions>
    </Filter>
    <Filter Include="Resource Files">
      <UniqueIdentifier>{67DA6AB6-F800-4c08-8B7A-83BB121AAD01}</UniqueIdentifier>
      <Extensions>rc;ico;cur;bmp;dlg;rc2;rct;bin;rgs;gif;jpg;jpeg;jpe;resx;tiff;tif;png;wav;mfcribbon-ms</Extensions>
    </Filter>
    <Filter Include="Source Files\lexer">
      <UniqueIdentifier>{a54fb636-9aa1-4324-bd2d-0873e0af230d}</UniqueIdentifier>
    </Filter>
    <Filter Include="Source Files\parser">
      <UniqueIdentifier>{9a1bdf75-0bf3-4475-93a2-f02f57b9d8d2}</UniqueIdentifier>
    </Filter>
    <Filter Include="Source Files\shared">
      <UniqueIdentifier>{e431c542-f191-4874-9493-de04b6c6f8d8}</UniqueIdentifier>
    </Filter>
    <Filter Include="Header Files\lexer">
      <UniqueIdentifier>{96b2ef36-59ba-487a-8956-e7140f6b384d}</UniqueIdentifier>
    </Filter>
    <Filter Include="Header Files\parser">
      <UniqueIdentifier>{604ca1e5-ac42-4590-bb64-b4a70e98cb8e}</UniqueIdentifier>
    </Filter>
    <Filter Include="Header Files\shared">
      <UniqueIdentifier>{17af8049-025e-4f17-9eec-83bdf1fc1d81}</UniqueIdentifier>
    </Filter>
    <Filter Include="Header Files\errors">
      <UniqueIdentifier>{6a44afa6-2d15-48f9-bd96-9196a93004d4}</UniqueIdentifier>
    </Filter>
    <Filter Include="Source Files\errors">
      <UniqueIdentifier>{fe325592-0768-4289-ab52-50f690c88b6d}</UniqueIdentifier>
    </Filter>
    <Filter Include="Header Files\shared\token">
      <UniqueIdentifier>{7dfd7ef3-9b1d-4dea-a168-0f9569bf8f4b}</UniqueIdentifier>
    </Filter>
    <Filter Include="Source Files\shared\token">
      <UniqueIdentifier>{f72dc2ac-5dcd-47b5-985c-4340834d7ffb}</UniqueIdentifier>
    </Filter>
    <Filter Include="Header Files\nodes">
      <UniqueIdentifier>{9b634a07-73de-4c45-9363-2c8907e8ac24}</UniqueIdentifier>
    </Filter>
    <Filter Include="Source Files\nodes">
      <UniqueIdentifier>{2e555f94-411b-4a6a-852e-3adc07ed6f28}</UniqueIdentifier>
    </Filter>
    <Filter Include="Header Files\interperter">
      <UniqueIdentifier>{47190d8a-ca33-48aa-9924-6231cfe5d5d8}</UniqueIdentifier>
    </Filter>
    <Filter Include="Source Files\interperter">
      <UniqueIdentifier>{577ad703-b737-4e90-ab9c-b4364915e966}</UniqueIdentifier>
    </Filter>
    <Filter Include="Source Files\interperter\types">
      <UniqueIdentifier>{de9cf55e-b67c-499b-87dc-b85651cd085b}</UniqueIdentifier>
    </Filter>
    <Filter Include="Header Files\interperter\types">
      <UniqueIdentifier>{09b531ce-15dc-444c-9410-5ec9a2a72775}</UniqueIdentifier>
    </Filter>
    <Filter Include="Header Files\nodes\variable">
      <UniqueIdentifier>{fa4264f8-efc2-4106-8dc3-9923b5c40a88}</UniqueIdentifier>
    </Filter>
    <Filter Include="Header Files\nodes\keywords">
      <UniqueIdentifier>{eba24995-fea5-42b0-a48e-35cd9684c609}</UniqueIdentifier>
    </Filter>
    <Filter Include="Header Files\nodes\types">
      <UniqueIdentifier>{4b03ad57-3149-42c6-8b76-bc13d26504e5}</UniqueIdentifier>
    </Filter>
    <Filter Include="Header Files\nodes\operations">
      <UniqueIdentifier>{ee91a5f9-d032-4ada-abfe-b1d487f0673a}</UniqueIdentifier>
    </Filter>
    <Filter Include="Source Files\nodes\keywords">
      <UniqueIdentifier>{151cd9d0-eb3d-4928-9da2-fd7bd2aba892}</UniqueIdentifier>
    </Filter>
    <Filter Include="Source Files\nodes\varible">
      <UniqueIdentifier>{db53468d-0f9d-4e20-a71b-161953a0ebee}</UniqueIdentifier>
    </Filter>
    <Filter Include="Source Files\nodes\types">
      <UniqueIdentifier>{ee53c113-ea7d-456b-8cfc-15e7bb3e0f4b}</UniqueIdentifier>
    </Filter>
    <Filter Include="Source Files\nodes\operations">
      <UniqueIdentifier>{882ed36a-d274-4c88-96ed-876abd029782}</UniqueIdentifier>
    </Filter>
    <Filter Include="Header Files\nodes\func">
      <UniqueIdentifier>{f02baa02-39b4-4283-802b-bceb9efaf12b}</UniqueIdentifier>
    </Filter>
    <Filter Include="Source Files\nodes\func">
      <UniqueIdentifier>{a806c0ca-8e5e-49c7-95ac-1689bbb3d088}</UniqueIdentifier>
    </Filter>
    <Filter Include="Header Files\interperter\types\functions">
      <UniqueIdentifier>{cbfb8bfa-2fbb-45b7-a055-eaeb8f69bb77}</UniqueIdentifier>
    </Filter>
    <Filter Include="Source Files\interperter\types\function">
      <UniqueIdentifier>{edee14e4-66a6-4a87-99c1-a74be58fd9cd}</UniqueIdentifier>
    </Filter>
    <Filter Include="Header Files\interperter\types\enum">
      <UniqueIdentifier>{6ed08c20-917a-466a-adb0-4216a04e5712}</UniqueIdentifier>
    </Filter>
    <Filter Include="Header Files\interperter\types\definitions">
      <UniqueIdentifier>{95105440-55df-44e4-90a4-b6183a0529f6}</UniqueIdentifier>
    </Filter>
    <Filter Include="Header Files\interperter\types\collections">
      <UniqueIdentifier>{155121e5-2a30-4be8-bf86-3cffb74a7a45}</UniqueIdentifier>
    </Filter>
    <Filter Include="Source Files\interperter\types\collections">
      <UniqueIdentifier>{6800e07b-2f72-466e-bfcf-011150b9fce4}</UniqueIdentifier>
    </Filter>
    <Filter Include="Source Files\interperter\types\defintions">
      <UniqueIdentifier>{98aef10f-a0ed-4064-b3ef-900a41d01f09}</UniqueIdentifier>
    </Filter>
    <Filter Include="Source Files\interperter\types\enum">
      <UniqueIdentifier>{7e0c71de-a19a-48e5-8241-515957f02bd6}</UniqueIdentifier>
    </Filter>
    <Filter Include="Source Files\lib">
      <UniqueIdentifier>{557a9cfa-510c-4706-9722-54db617d0e8f}</UniqueIdentifier>
    </Filter>
    <Filter Include="Header Files\lib">
      <UniqueIdentifier>{4e94a364-ae2f-48f6-b7eb-78e75f877c48}</UniqueIdentifier>
    </Filter>
    <Filter Include="Header Files\shared\symbols">
      <UniqueIdentifier>{0b1c676c-45dc-4965-b0c4-360df96622c9}</UniqueIdentifier>
    </Filter>
    <Filter Include="Header Files\interperter\types\bultin">
      <UniqueIdentifier>{8c0541ba-223c-4f30-87cf-695b3648f9a3}</UniqueIdentifier>
    </Filter>
  </ItemGroup>
  <ItemGroup>
    <ClCompile Include="Polyscript.cpp">
      <Filter>Source Files</Filter>
    </ClCompile>
    <ClCompile Include="Lexer.cpp">
      <Filter>Source Files\lexer</Filter>
    </ClCompile>
    <ClCompile Include="PolyscriptError.cpp">
      <Filter>Source Files\errors</Filter>
    </ClCompile>
    <ClCompile Include="IllegalCharError.cpp">
      <Filter>Source Files\errors</Filter>
    </ClCompile>
    <ClCompile Include="Position.cpp">
      <Filter>Source Files\shared</Filter>
    </ClCompile>
    <ClCompile Include="Parser.cpp">
      <Filter>Source Files\parser</Filter>
    </ClCompile>
    <ClCompile Include="Token.cpp">
      <Filter>Source Files\shared\token</Filter>
    </ClCompile>
    <ClCompile Include="TokenEnum.cpp">
      <Filter>Source Files\shared\token</Filter>
    </ClCompile>
    <ClCompile Include="InvalidSyntaxError.cpp">
      <Filter>Source Files\errors</Filter>
    </ClCompile>
    <ClCompile Include="Interpreter.cpp">
      <Filter>Source Files\interperter</Filter>
    </ClCompile>
    <ClCompile Include="Integer.cpp">
      <Filter>Source Files\interperter\types</Filter>
    </ClCompile>
    <ClCompile Include="Float.cpp">
      <Filter>Source Files\interperter\types</Filter>
    </ClCompile>
    <ClCompile Include="RuntimeError.cpp">
      <Filter>Source Files\errors</Filter>
    </ClCompile>
    <ClCompile Include="Context.cpp">
      <Filter>Source Files\shared</Filter>
    </ClCompile>
    <ClCompile Include="SymbolTable.cpp">
      <Filter>Source Files\shared</Filter>
    </ClCompile>
    <ClCompile Include="ExpectedCharError.cpp">
      <Filter>Source Files\errors</Filter>
    </ClCompile>
    <ClCompile Include="IfNode.cpp">
      <Filter>Source Files\nodes\keywords</Filter>
    </ClCompile>
    <ClCompile Include="NodeUtils.cpp">
      <Filter>Source Files\nodes</Filter>
    </ClCompile>
    <ClCompile Include="ForNode.cpp">
      <Filter>Source Files\nodes\keywords</Filter>
    </ClCompile>
    <ClCompile Include="WhileNode.cpp">
      <Filter>Source Files\nodes\keywords</Filter>
    </ClCompile>
    <ClCompile Include="VarAssignNode.cpp">
      <Filter>Source Files\nodes\varible</Filter>
    </ClCompile>
    <ClCompile Include="VarAccessNode.cpp">
      <Filter>Source Files\nodes\varible</Filter>
    </ClCompile>
    <ClCompile Include="NumberNode.cpp">
      <Filter>Source Files\nodes\types</Filter>
    </ClCompile>
    <ClCompile Include="BinOpNode.cpp">
      <Filter>Source Files\nodes\operations</Filter>
    </ClCompile>
    <ClCompile Include="UnaryOpNode.cpp">
      <Filter>Source Files\nodes\operations</Filter>
    </ClCompile>
    <ClCompile Include="FuncCallNode.cpp">
      <Filter>Source Files\nodes\func</Filter>
    </ClCompile>
    <ClCompile Include="FuncDefNode.cpp">
      <Filter>Source Files\nodes\func</Filter>
    </ClCompile>
    <ClCompile Include="Node.cpp">
      <Filter>Source Files\nodes</Filter>
    </ClCompile>
    <ClCompile Include="InterpreterUtils.cpp">
      <Filter>Source Files\interperter</Filter>
    </ClCompile>
    <ClCompile Include="Variable.cpp">
      <Filter>Source Files\interperter\types</Filter>
    </ClCompile>
    <ClCompile Include="String.cpp">
      <Filter>Source Files\interperter\types</Filter>
    </ClCompile>
    <ClCompile Include="StringNode.cpp">
      <Filter>Source Files\nodes\types</Filter>
    </ClCompile>
    <ClCompile Include="ListNode.cpp">
      <Filter>Source Files\nodes\types</Filter>
    </ClCompile>
    <ClCompile Include="Function.cpp">
      <Filter>Source Files\interperter\types\function</Filter>
    </ClCompile>
    <ClCompile Include="ListAccessNode.cpp">
      <Filter>Source Files\nodes\varible</Filter>
    </ClCompile>
    <ClCompile Include="BuiltInFunction.cpp">
      <Filter>Source Files\interperter\types\function</Filter>
    </ClCompile>
    <ClCompile Include="BaseFunction.cpp">
      <Filter>Source Files\interperter\types\function</Filter>
    </ClCompile>
    <ClCompile Include="BreakNode.cpp">
      <Filter>Source Files\nodes\keywords</Filter>
    </ClCompile>
    <ClCompile Include="ContinueNode.cpp">
      <Filter>Source Files\nodes\keywords</Filter>
    </ClCompile>
    <ClCompile Include="ReturnNode.cpp">
      <Filter>Source Files\nodes\keywords</Filter>
    </ClCompile>
    <ClCompile Include="EnumNode.cpp">
      <Filter>Source Files\nodes\keywords</Filter>
    </ClCompile>
    <ClCompile Include="PathAccessNode.cpp">
      <Filter>Source Files\nodes\operations</Filter>
    </ClCompile>
    <ClCompile Include="VarReasignNode.cpp">
      <Filter>Source Files\nodes\varible</Filter>
    </ClCompile>
    <ClCompile Include="ImportNode.cpp">
      <Filter>Source Files\nodes\keywords</Filter>
    </ClCompile>
    <ClCompile Include="List.cpp">
      <Filter>Source Files\interperter\types\collections</Filter>
    </ClCompile>
    <ClCompile Include="Namespace.cpp">
      <Filter>Source Files\interperter\types\defintions</Filter>
    </ClCompile>
    <ClCompile Include="Enum.cpp">
      <Filter>Source Files\interperter\types\enum</Filter>
    </ClCompile>
    <ClCompile Include="EnumValue.cpp">
      <Filter>Source Files\interperter\types\enum</Filter>
    </ClCompile>
    <ClCompile Include="NamespaceNode.cpp">
      <Filter>Source Files\nodes\keywords</Filter>
    </ClCompile>
    <ClCompile Include="Null.cpp">
      <Filter>Source Files\interperter\types</Filter>
    </ClCompile>
    <ClCompile Include="MatchNode.cpp">
      <Filter>Source Files\nodes\func</Filter>
    </ClCompile>
    <ClCompile Include="fetch.cpp">
      <Filter>Source Files\lib</Filter>
    </ClCompile>
    <ClCompile Include="Object.cpp">
      <Filter>Source Files\interperter\types</Filter>
    </ClCompile>
    <ClCompile Include="ObjectNode.cpp">
      <Filter>Source Files\nodes</Filter>
    </ClCompile>
    <ClCompile Include="DotAccessNode.cpp">
      <Filter>Source Files\nodes\varible</Filter>
    </ClCompile>
    <ClCompile Include="SymbolTableUtils.cpp">
      <Filter>Source Files</Filter>
    </ClCompile>
  </ItemGroup>
  <ItemGroup>
    <ClInclude Include="Lexer.h">
      <Filter>Header Files\lexer</Filter>
    </ClInclude>
    <ClInclude Include="PolyscriptError.h">
      <Filter>Header Files\errors</Filter>
    </ClInclude>
    <ClInclude Include="IllegalCharError.h">
      <Filter>Header Files\errors</Filter>
    </ClInclude>
    <ClInclude Include="Position.h">
      <Filter>Header Files\shared</Filter>
    </ClInclude>
    <ClInclude Include="Parser.h">
      <Filter>Header Files\parser</Filter>
    </ClInclude>
    <ClInclude Include="Token.h">
      <Filter>Header Files\shared\token</Filter>
    </ClInclude>
    <ClInclude Include="TokenEnum.h">
      <Filter>Header Files\shared\token</Filter>
    </ClInclude>
    <ClInclude Include="InvalidSyntaxError.h">
      <Filter>Header Files\errors</Filter>
    </ClInclude>
    <ClInclude Include="Integer.h">
      <Filter>Header Files\interperter\types</Filter>
    </ClInclude>
    <ClInclude Include="Interpreter.h">
      <Filter>Header Files\interperter</Filter>
    </ClInclude>
    <ClInclude Include="Float.h">
      <Filter>Header Files\interperter\types</Filter>
    </ClInclude>
    <ClInclude Include="RuntimeError.h">
      <Filter>Header Files\errors</Filter>
    </ClInclude>
    <ClInclude Include="Context.h">
      <Filter>Header Files\shared</Filter>
    </ClInclude>
    <ClInclude Include="ExpectedCharError.h">
      <Filter>Header Files\errors</Filter>
    </ClInclude>
    <ClInclude Include="WhileNode.h">
      <Filter>Header Files\nodes\keywords</Filter>
    </ClInclude>
    <ClInclude Include="VarAssignNode.h">
      <Filter>Header Files\nodes\variable</Filter>
    </ClInclude>
    <ClInclude Include="VarAccessNode.h">
      <Filter>Header Files\nodes\variable</Filter>
    </ClInclude>
    <ClInclude Include="IfNode.h">
      <Filter>Header Files\nodes\keywords</Filter>
    </ClInclude>
    <ClInclude Include="ForNode.h">
      <Filter>Header Files\nodes\keywords</Filter>
    </ClInclude>
    <ClInclude Include="NumberNode.h">
      <Filter>Header Files\nodes\types</Filter>
    </ClInclude>
    <ClInclude Include="UnaryOpNode.h">
      <Filter>Header Files\nodes\operations</Filter>
    </ClInclude>
    <ClInclude Include="NodeUtils.h">
      <Filter>Header Files\nodes</Filter>
    </ClInclude>
    <ClInclude Include="BinOpNode.h">
      <Filter>Header Files\nodes\operations</Filter>
    </ClInclude>
    <ClInclude Include="Nodes.h">
      <Filter>Header Files\nodes</Filter>
    </ClInclude>
    <ClInclude Include="FuncCallNode.h">
      <Filter>Header Files\nodes\func</Filter>
    </ClInclude>
    <ClInclude Include="FuncDefNode.h">
      <Filter>Header Files\nodes\func</Filter>
    </ClInclude>
    <ClInclude Include="Node.h">
      <Filter>Header Files\nodes</Filter>
    </ClInclude>
    <ClInclude Include="InterpreterUtils.h">
      <Filter>Header Files\interperter</Filter>
    </ClInclude>
    <ClInclude Include="Variable.h">
      <Filter>Header Files\interperter\types</Filter>
    </ClInclude>
    <ClInclude Include="StringNode.h">
      <Filter>Header Files\nodes\types</Filter>
    </ClInclude>
    <ClInclude Include="String.h">
      <Filter>Header Files\interperter\types</Filter>
    </ClInclude>
    <ClInclude Include="ListNode.h">
      <Filter>Header Files\nodes\types</Filter>
    </ClInclude>
    <ClInclude Include="ListAccessNode.h">
      <Filter>Header Files\nodes\variable</Filter>
    </ClInclude>
    <ClInclude Include="Function.h">
      <Filter>Header Files\interperter\types\functions</Filter>
    </ClInclude>
    <ClInclude Include="BaseFunction.h">
      <Filter>Header Files\interperter\types\functions</Filter>
    </ClInclude>
    <ClInclude Include="BuiltInFunction.h">
      <Filter>Header Files\interperter\types\functions</Filter>
    </ClInclude>
    <ClInclude Include="ReturnNode.h">
      <Filter>Header Files\nodes\keywords</Filter>
    </ClInclude>
    <ClInclude Include="ContinueNode.h">
      <Filter>Header Files\nodes\keywords</Filter>
    </ClInclude>
    <ClInclude Include="BreakNode.h">
      <Filter>Header Files\nodes\keywords</Filter>
    </ClInclude>
    <ClInclude Include="EnumNode.h">
      <Filter>Header Files\nodes\types</Filter>
    </ClInclude>
    <ClInclude Include="Types.h">
      <Filter>Header Files\interperter</Filter>
    </ClInclude>
    <ClInclude Include="PathAccessNode.h">
      <Filter>Header Files\nodes\variable</Filter>
    </ClInclude>
    <ClInclude Include="VarReasignNode.h">
      <Filter>Header Files\nodes\variable</Filter>
    </ClInclude>
    <ClInclude Include="Enum.h">
      <Filter>Header Files\interperter\types\enum</Filter>
    </ClInclude>
    <ClInclude Include="EnumValue.h">
      <Filter>Header Files\interperter\types\enum</Filter>
    </ClInclude>
    <ClInclude Include="NamespaceNode.h">
      <Filter>Header Files\nodes\keywords</Filter>
    </ClInclude>
    <ClInclude Include="ImportNode.h">
      <Filter>Header Files\nodes\keywords</Filter>
    </ClInclude>
    <ClInclude Include="Namespace.h">
      <Filter>Header Files\interperter\types\definitions</Filter>
    </ClInclude>
    <ClInclude Include="List.h">
      <Filter>Header Files\interperter\types\collections</Filter>
    </ClInclude>
    <ClInclude Include="MatchNode.h">
      <Filter>Header Files\nodes\func</Filter>
    </ClInclude>
    <ClInclude Include="Null.h">
      <Filter>Header Files\interperter\types</Filter>
    </ClInclude>
    <ClInclude Include="fetch.h">
      <Filter>Header Files\lib</Filter>
    </ClInclude>
    <ClInclude Include="ObjectNode.h">
      <Filter>Header Files\nodes\types</Filter>
    </ClInclude>
    <ClInclude Include="SymbolTable.h">
      <Filter>Header Files\shared\symbols</Filter>
    </ClInclude>
    <ClInclude Include="SymbolTableUtils.h">
      <Filter>Header Files\shared\symbols</Filter>
    </ClInclude>
    <ClInclude Include="Object.h">
      <Filter>Header Files\interperter\types</Filter>
    </ClInclude>
    <ClInclude Include="DotAccessNode.h">
      <Filter>Header Files\nodes\variable</Filter>
    </ClInclude>
    <ClInclude Include="resource.h">
      <Filter>Header Files</Filter>
    </ClInclude>
  </ItemGroup>
  <ItemGroup>
    <None Include="test.ps">
      <Filter>Resource Files</Filter>
    </None>
    <None Include="std.ps">
      <Filter>Resource Files</Filter>
    </None>
    <None Include="ico1.bin">
      <Filter>Resource Files</Filter>
    </None>
    <None Include="ReadMe.md">
      <Filter>Resource Files</Filter>
    </None>
  </ItemGroup>
  <ItemGroup>
    <Text Include="TODO.txt">
      <Filter>Resource Files</Filter>
    </Text>
  </ItemGroup>
  <ItemGroup>
    <ResourceCompile Include="Version.rc">
      <Filter>Resource Files</Filter>
    </ResourceCompile>
    <ResourceCompile Include="icon.rc">
      <Filter>Resource Files</Filter>
    </ResourceCompile>
  </ItemGroup>
</Project>